
Microsoft Visual Studio Solution File, Format Version 12.00
# Visual Studio Version 17
VisualStudioVersion = 17.4.33213.308
MinimumVisualStudioVersion = 10.0.40219.1
Project("{9A19103F-16F7-4668-BE54-9A1E7A4F7556}") = "Projeto_teste", "Projeto_teste.csproj", "{8253743E-A1CA-4B4D-AE27-85312B7FF252}"
EndProject
Global
	GlobalSection(SolutionConfigurationPlatforms) = preSolution
		Debug|Any CPU = Debug|Any CPU
		Release|Any CPU = Release|Any CPU
	EndGlobalSection
	GlobalSection(ProjectConfigurationPlatforms) = postSolution
		{8253743E-A1CA-4B4D-AE27-85312B7FF252}.Debug|Any CPU.ActiveCfg = Debug|Any CPU
		{8253743E-A1CA-4B4D-AE27-85312B7FF252}.Debug|Any CPU.Build.0 = Debug|Any CPU
		{8253743E-A1CA-4B4D-AE27-85312B7FF252}.Release|Any CPU.ActiveCfg = Release|Any CPU
		{8253743E-A1CA-4B4D-AE27-85312B7FF252}.Release|Any CPU.Build.0 = Release|Any CPU
	EndGlobalSection
	GlobalSection(SolutionProperties) = preSolution
		HideSolutionNode = FALSE
	EndGlobalSection
	GlobalSection(ExtensibilityGlobals) = postSolution
		SolutionGuid = {39A7177E-E550-4303-85BA-C22F4C77E168}
	EndGlobalSection
EndGlobal
