
Microsoft Visual Studio Solution File, Format Version 12.00
# Visual Studio Version 17
VisualStudioVersion = 17.4.33213.308
MinimumVisualStudioVersion = 10.0.40219.1
Project("{FAE04EC0-301F-11D3-BF4B-00C04F79EFBC}") = "Cliente_UDP", "Cliente_UDP\Cliente_UDP.csproj", "{012B9ABE-47DB-4D4F-B909-586A6C0BFE7A}"
EndProject
Global
	GlobalSection(SolutionConfigurationPlatforms) = preSolution
		Debug|Any CPU = Debug|Any CPU
		Release|Any CPU = Release|Any CPU
	EndGlobalSection
	GlobalSection(ProjectConfigurationPlatforms) = postSolution
		{012B9ABE-47DB-4D4F-B909-586A6C0BFE7A}.Debug|Any CPU.ActiveCfg = Debug|Any CPU
		{012B9ABE-47DB-4D4F-B909-586A6C0BFE7A}.Debug|Any CPU.Build.0 = Debug|Any CPU
		{012B9ABE-47DB-4D4F-B909-586A6C0BFE7A}.Release|Any CPU.ActiveCfg = Release|Any CPU
		{012B9ABE-47DB-4D4F-B909-586A6C0BFE7A}.Release|Any CPU.Build.0 = Release|Any CPU
	EndGlobalSection
	GlobalSection(SolutionProperties) = preSolution
		HideSolutionNode = FALSE
	EndGlobalSection
	GlobalSection(ExtensibilityGlobals) = postSolution
		SolutionGuid = {6CEDA866-BA69-403A-BE07-1F713E046096}
	EndGlobalSection
EndGlobal
